PODS:
  - Alamofire (5.4.3)
  - AlamofireImage (4.2.0):
    - Alamofire (~> 5.4)
  - SendBirdSDK (3.1.1)

DEPENDENCIES:
  - Alamofire (~> 5.4)
  - AlamofireImage (~> 4.1)
  - SendBirdSDK

SPEC REPOS:
  trunk:
    - Alamofire
    - AlamofireImage
    - SendBirdSDK

SPEC CHECKSUMS:
  Alamofire: e447a2774a40c996748296fa2c55112fdbbc42f9
  AlamofireImage: 34a2d90b0e5fe6a5605f85ae4b7b01e784c60192
  SendBirdSDK: f698cf686d732889d79854756aba6bbc20062a00

PODFILE CHECKSUM: ed6f6559003cfe401170ab222e2553fb2cb893be

COCOAPODS: 1.11.2
